
Microsoft Visual Studio Solution File, Format Version 12.00
# Visual Studio Version 17
VisualStudioVersion = 17.5.33103.201
MinimumVisualStudioVersion = 10.0.40219.1
Project("{FAE04EC0-301F-11D3-BF4B-00C04F79EFBC}") = "LoggerApp", "LoggerApp\LoggerApp.csproj", "{51643224-3C66-4DF8-B121-C800D774677F}"
EndProject
Global
	GlobalSection(SolutionConfigurationPlatforms) = preSolution
		Debug|Any CPU = Debug|Any CPU
		Release|Any CPU = Release|Any CPU
	EndGlobalSection
	GlobalSection(ProjectConfigurationPlatforms) = postSolution
		{51643224-3C66-4DF8-B121-C800D774677F}.Debug|Any CPU.ActiveCfg = Debug|Any CPU
		{51643224-3C66-4DF8-B121-C800D774677F}.Debug|Any CPU.Build.0 = Debug|Any CPU
		{51643224-3C66-4DF8-B121-C800D774677F}.Release|Any CPU.ActiveCfg = Release|Any CPU
		{51643224-3C66-4DF8-B121-C800D774677F}.Release|Any CPU.Build.0 = Release|Any CPU
	EndGlobalSection
	GlobalSection(SolutionProperties) = preSolution
		HideSolutionNode = FALSE
	EndGlobalSection
	GlobalSection(ExtensibilityGlobals) = postSolution
		SolutionGuid = {70275BF1-F4E7-4291-A00A-A2642B329C5D}
	EndGlobalSection
EndGlobal
