
Microsoft Visual Studio Solution File, Format Version 12.00
# Visual Studio Version 16
VisualStudioVersion = 16.0.30907.101
MinimumVisualStudioVersion = 10.0.40219.1
Project("{FAE04EC0-301F-11D3-BF4B-00C04F79EFBC}") = "SteineRechnungenReader", "SteineRechnungenReader.csproj", "{B7B3759D-D8AC-434A-AD3B-8F4C36204BBE}"
EndProject
Global
	GlobalSection(SolutionConfigurationPlatforms) = preSolution
		Debug|Any CPU = Debug|Any CPU
		Release|Any CPU = Release|Any CPU
	EndGlobalSection
	GlobalSection(ProjectConfigurationPlatforms) = postSolution
		{B7B3759D-D8AC-434A-AD3B-8F4C36204BBE}.Debug|Any CPU.ActiveCfg = Debug|Any CPU
		{B7B3759D-D8AC-434A-AD3B-8F4C36204BBE}.Debug|Any CPU.Build.0 = Debug|Any CPU
		{B7B3759D-D8AC-434A-AD3B-8F4C36204BBE}.Release|Any CPU.ActiveCfg = Release|Any CPU
		{B7B3759D-D8AC-434A-AD3B-8F4C36204BBE}.Release|Any CPU.Build.0 = Release|Any CPU
	EndGlobalSection
	GlobalSection(SolutionProperties) = preSolution
		HideSolutionNode = FALSE
	EndGlobalSection
	GlobalSection(ExtensibilityGlobals) = postSolution
		SolutionGuid = {BEB73800-DC10-493D-B723-F3C2ECFA788C}
	EndGlobalSection
EndGlobal
